
Microsoft Visual Studio Solution File, Format Version 12.00
# Visual Studio Version 16
VisualStudioVersion = 16.0.30621.155
MinimumVisualStudioVersion = 10.0.40219.1
Project("{FAE04EC0-301F-11D3-BF4B-00C04F79EFBC}") = "Patron estrategia", "Patron estrategia\Patron estrategia.csproj", "{F3F828AE-A347-4E24-B799-E3B161E241EC}"
EndProject
Project("{FAE04EC0-301F-11D3-BF4B-00C04F79EFBC}") = "Patron Decorador", "Decorador\Patron Decorador.csproj", "{C01CB6E2-9C5A-4D04-8FCE-6944376CB250}"
EndProject
Project("{FAE04EC0-301F-11D3-BF4B-00C04F79EFBC}") = "Patron proxy", "Patron proxy\Patron proxy.csproj", "{5459EE74-365B-4470-B883-0A8CA8F8B4BC}"
EndProject
Project("{FAE04EC0-301F-11D3-BF4B-00C04F79EFBC}") = "Patron puente", "Patron puente\Patron puente.csproj", "{91F8E78E-F481-4117-A62A-1C91C4C9B30C}"
EndProject
Project("{FAE04EC0-301F-11D3-BF4B-00C04F79EFBC}") = "Patron compuesto", "Patron compuesto\Patron compuesto.csproj", "{B6E9B982-61D9-42E8-9C2B-D4B197D12EF1}"
EndProject
Project("{FAE04EC0-301F-11D3-BF4B-00C04F79EFBC}") = "Patron de flyweight", "Patron de flyweight\Patron de flyweight.csproj", "{261AFB2F-D162-42AE-B2FF-B33138187D74}"
EndProject
Project("{FAE04EC0-301F-11D3-BF4B-00C04F79EFBC}") = "Patron adaptador", "Patron adaptador\Patron adaptador.csproj", "{C2950E2D-1BAE-46AD-B200-EA4E304973D4}"
EndProject
Project("{FAE04EC0-301F-11D3-BF4B-00C04F79EFBC}") = "Patron fachada", "Patron fachada\Patron fachada.csproj", "{8F569D9A-9700-4D1F-BF0C-ED3D307D7951}"
EndProject
Project("{FAE04EC0-301F-11D3-BF4B-00C04F79EFBC}") = "Patron prototipo", "Patron prototipo\Patron prototipo.csproj", "{192335E6-E7FE-477F-80F6-280C4AE1EA11}"
EndProject
Project("{FAE04EC0-301F-11D3-BF4B-00C04F79EFBC}") = "Patron modo fabrica", "Patron modo fabrica\Patron modo fabrica.csproj", "{6130A3FA-797D-468C-996A-0EFDC1990B5D}"
EndProject
Project("{FAE04EC0-301F-11D3-BF4B-00C04F79EFBC}") = "Patron singleton", "Patron singleton\Patron singleton.csproj", "{5D82234F-99C6-44CB-AB05-E8AE763B336C}"
EndProject
Project("{FAE04EC0-301F-11D3-BF4B-00C04F79EFBC}") = "Patron fabrica abstracta", "Patron fabrica abstracta\Patron fabrica abstracta.csproj", "{7791281B-566F-4E6B-ACB1-041E1310F663}"
EndProject
Project("{FAE04EC0-301F-11D3-BF4B-00C04F79EFBC}") = "Patron biulder", "Patron biulder\Patron biulder.csproj", "{5FB10E84-75C4-4E69-88F0-D991DEB8D756}"
EndProject
Project("{FAE04EC0-301F-11D3-BF4B-00C04F79EFBC}") = "Patron estado", "Patron estado\Patron estado.csproj", "{D8E2983B-0706-4289-AB9C-FEBE1B823291}"
EndProject
Project("{FAE04EC0-301F-11D3-BF4B-00C04F79EFBC}") = "Patron template", "Patron template\Patron template.csproj", "{A4E1CC6F-5A3F-4FB7-A7FA-226B07D4DC30}"
EndProject
Project("{FAE04EC0-301F-11D3-BF4B-00C04F79EFBC}") = "Patron cadena de responsabilidad", "Patron cadena de responsabilidad\Patron cadena de responsabilidad.csproj", "{4F8E3FAE-3599-4075-A8EC-AA77F2969B4C}"
EndProject
Project("{FAE04EC0-301F-11D3-BF4B-00C04F79EFBC}") = "Patron comando", "Patron comando\Patron comando.csproj", "{1E7145BD-B996-49FA-9941-0F860A0DB3C0}"
EndProject
Project("{FAE04EC0-301F-11D3-BF4B-00C04F79EFBC}") = "Patron iterador", "Patron iterador\Patron iterador.csproj", "{C7E3F7E4-638B-4711-A52E-CFF33B58C918}"
EndProject
Project("{FAE04EC0-301F-11D3-BF4B-00C04F79EFBC}") = "Patron mediador", "Patron mediador\Patron mediador.csproj", "{19B85006-219E-4D13-B323-B869D0859B4F}"
EndProject
Project("{FAE04EC0-301F-11D3-BF4B-00C04F79EFBC}") = "Patron observador", "Patron observador\Patron observador.csproj", "{7CFFE13D-3E99-4262-B8BB-B991181BE4BA}"
EndProject
Project("{FAE04EC0-301F-11D3-BF4B-00C04F79EFBC}") = "Patron visitante", "Patron visitante\Patron visitante.csproj", "{51116BA2-C2BC-4620-BBA8-D627F22892CD}"
EndProject
Project("{FAE04EC0-301F-11D3-BF4B-00C04F79EFBC}") = "Patron interprete", "Patron interprete\Patron interprete.csproj", "{118785BF-0C90-4A4D-BD0D-8F46D366A245}"
EndProject
Project("{FAE04EC0-301F-11D3-BF4B-00C04F79EFBC}") = "Patron memento", "Patron memento\Patron memento.csproj", "{0FE9F404-1862-4BAE-A7B7-CC57EA4D2982}"
EndProject
Project("{FAE04EC0-301F-11D3-BF4B-00C04F79EFBC}") = "Patron MVC", "Patron MVC\Patron MVC.csproj", "{759F1BE0-E81E-4FD5-B96E-9F1763837878}"
EndProject
Project("{2150E333-8FDC-42A3-9474-1A3956D46DE8}") = "Creacionales", "Creacionales", "{53918406-2F76-4ACC-B9D2-5EE75628691C}"
EndProject
Project("{2150E333-8FDC-42A3-9474-1A3956D46DE8}") = "Estructurales", "Estructurales", "{FCD116A6-01DA-4F4A-97DD-E1505BC69399}"
EndProject
Project("{2150E333-8FDC-42A3-9474-1A3956D46DE8}") = "Coportamiento", "Coportamiento", "{6F655D09-14F5-4CF8-9393-C1615DFED2EF}"
EndProject
Global
	GlobalSection(SolutionConfigurationPlatforms) = preSolution
		Debug|Any CPU = Debug|Any CPU
		Release|Any CPU = Release|Any CPU
	EndGlobalSection
	GlobalSection(ProjectConfigurationPlatforms) = postSolution
		{F3F828AE-A347-4E24-B799-E3B161E241EC}.Debug|Any CPU.ActiveCfg = Debug|Any CPU
		{F3F828AE-A347-4E24-B799-E3B161E241EC}.Debug|Any CPU.Build.0 = Debug|Any CPU
		{F3F828AE-A347-4E24-B799-E3B161E241EC}.Release|Any CPU.ActiveCfg = Release|Any CPU
		{F3F828AE-A347-4E24-B799-E3B161E241EC}.Release|Any CPU.Build.0 = Release|Any CPU
		{C01CB6E2-9C5A-4D04-8FCE-6944376CB250}.Debug|Any CPU.ActiveCfg = Debug|Any CPU
		{C01CB6E2-9C5A-4D04-8FCE-6944376CB250}.Debug|Any CPU.Build.0 = Debug|Any CPU
		{C01CB6E2-9C5A-4D04-8FCE-6944376CB250}.Release|Any CPU.ActiveCfg = Release|Any CPU
		{C01CB6E2-9C5A-4D04-8FCE-6944376CB250}.Release|Any CPU.Build.0 = Release|Any CPU
		{5459EE74-365B-4470-B883-0A8CA8F8B4BC}.Debug|Any CPU.ActiveCfg = Debug|Any CPU
		{5459EE74-365B-4470-B883-0A8CA8F8B4BC}.Debug|Any CPU.Build.0 = Debug|Any CPU
		{5459EE74-365B-4470-B883-0A8CA8F8B4BC}.Release|Any CPU.ActiveCfg = Release|Any CPU
		{5459EE74-365B-4470-B883-0A8CA8F8B4BC}.Release|Any CPU.Build.0 = Release|Any CPU
		{91F8E78E-F481-4117-A62A-1C91C4C9B30C}.Debug|Any CPU.ActiveCfg = Debug|Any CPU
		{91F8E78E-F481-4117-A62A-1C91C4C9B30C}.Debug|Any CPU.Build.0 = Debug|Any CPU
		{91F8E78E-F481-4117-A62A-1C91C4C9B30C}.Release|Any CPU.ActiveCfg = Release|Any CPU
		{91F8E78E-F481-4117-A62A-1C91C4C9B30C}.Release|Any CPU.Build.0 = Release|Any CPU
		{B6E9B982-61D9-42E8-9C2B-D4B197D12EF1}.Debug|Any CPU.ActiveCfg = Debug|Any CPU
		{B6E9B982-61D9-42E8-9C2B-D4B197D12EF1}.Debug|Any CPU.Build.0 = Debug|Any CPU
		{B6E9B982-61D9-42E8-9C2B-D4B197D12EF1}.Release|Any CPU.ActiveCfg = Release|Any CPU
		{B6E9B982-61D9-42E8-9C2B-D4B197D12EF1}.Release|Any CPU.Build.0 = Release|Any CPU
		{261AFB2F-D162-42AE-B2FF-B33138187D74}.Debug|Any CPU.ActiveCfg = Debug|Any CPU
		{261AFB2F-D162-42AE-B2FF-B33138187D74}.Debug|Any CPU.Build.0 = Debug|Any CPU
		{261AFB2F-D162-42AE-B2FF-B33138187D74}.Release|Any CPU.ActiveCfg = Release|Any CPU
		{261AFB2F-D162-42AE-B2FF-B33138187D74}.Release|Any CPU.Build.0 = Release|Any CPU
		{C2950E2D-1BAE-46AD-B200-EA4E304973D4}.Debug|Any CPU.ActiveCfg = Debug|Any CPU
		{C2950E2D-1BAE-46AD-B200-EA4E304973D4}.Debug|Any CPU.Build.0 = Debug|Any CPU
		{C2950E2D-1BAE-46AD-B200-EA4E304973D4}.Release|Any CPU.ActiveCfg = Release|Any CPU
		{C2950E2D-1BAE-46AD-B200-EA4E304973D4}.Release|Any CPU.Build.0 = Release|Any CPU
		{8F569D9A-9700-4D1F-BF0C-ED3D307D7951}.Debug|Any CPU.ActiveCfg = Debug|Any CPU
		{8F569D9A-9700-4D1F-BF0C-ED3D307D7951}.Debug|Any CPU.Build.0 = Debug|Any CPU
		{8F569D9A-9700-4D1F-BF0C-ED3D307D7951}.Release|Any CPU.ActiveCfg = Release|Any CPU
		{8F569D9A-9700-4D1F-BF0C-ED3D307D7951}.Release|Any CPU.Build.0 = Release|Any CPU
		{192335E6-E7FE-477F-80F6-280C4AE1EA11}.Debug|Any CPU.ActiveCfg = Debug|Any CPU
		{192335E6-E7FE-477F-80F6-280C4AE1EA11}.Debug|Any CPU.Build.0 = Debug|Any CPU
		{192335E6-E7FE-477F-80F6-280C4AE1EA11}.Release|Any CPU.ActiveCfg = Release|Any CPU
		{192335E6-E7FE-477F-80F6-280C4AE1EA11}.Release|Any CPU.Build.0 = Release|Any CPU
		{6130A3FA-797D-468C-996A-0EFDC1990B5D}.Debug|Any CPU.ActiveCfg = Debug|Any CPU
		{6130A3FA-797D-468C-996A-0EFDC1990B5D}.Debug|Any CPU.Build.0 = Debug|Any CPU
		{6130A3FA-797D-468C-996A-0EFDC1990B5D}.Release|Any CPU.ActiveCfg = Release|Any CPU
		{6130A3FA-797D-468C-996A-0EFDC1990B5D}.Release|Any CPU.Build.0 = Release|Any CPU
		{5D82234F-99C6-44CB-AB05-E8AE763B336C}.Debug|Any CPU.ActiveCfg = Debug|Any CPU
		{5D82234F-99C6-44CB-AB05-E8AE763B336C}.Debug|Any CPU.Build.0 = Debug|Any CPU
		{5D82234F-99C6-44CB-AB05-E8AE763B336C}.Release|Any CPU.ActiveCfg = Release|Any CPU
		{5D82234F-99C6-44CB-AB05-E8AE763B336C}.Release|Any CPU.Build.0 = Release|Any CPU
		{7791281B-566F-4E6B-ACB1-041E1310F663}.Debug|Any CPU.ActiveCfg = Debug|Any CPU
		{7791281B-566F-4E6B-ACB1-041E1310F663}.Debug|Any CPU.Build.0 = Debug|Any CPU
		{7791281B-566F-4E6B-ACB1-041E1310F663}.Release|Any CPU.ActiveCfg = Release|Any CPU
		{7791281B-566F-4E6B-ACB1-041E1310F663}.Release|Any CPU.Build.0 = Release|Any CPU
		{5FB10E84-75C4-4E69-88F0-D991DEB8D756}.Debug|Any CPU.ActiveCfg = Debug|Any CPU
		{5FB10E84-75C4-4E69-88F0-D991DEB8D756}.Debug|Any CPU.Build.0 = Debug|Any CPU
		{5FB10E84-75C4-4E69-88F0-D991DEB8D756}.Release|Any CPU.ActiveCfg = Release|Any CPU
		{5FB10E84-75C4-4E69-88F0-D991DEB8D756}.Release|Any CPU.Build.0 = Release|Any CPU
		{D8E2983B-0706-4289-AB9C-FEBE1B823291}.Debug|Any CPU.ActiveCfg = Debug|Any CPU
		{D8E2983B-0706-4289-AB9C-FEBE1B823291}.Debug|Any CPU.Build.0 = Debug|Any CPU
		{D8E2983B-0706-4289-AB9C-FEBE1B823291}.Release|Any CPU.ActiveCfg = Release|Any CPU
		{D8E2983B-0706-4289-AB9C-FEBE1B823291}.Release|Any CPU.Build.0 = Release|Any CPU
		{A4E1CC6F-5A3F-4FB7-A7FA-226B07D4DC30}.Debug|Any CPU.ActiveCfg = Debug|Any CPU
		{A4E1CC6F-5A3F-4FB7-A7FA-226B07D4DC30}.Debug|Any CPU.Build.0 = Debug|Any CPU
		{A4E1CC6F-5A3F-4FB7-A7FA-226B07D4DC30}.Release|Any CPU.ActiveCfg = Release|Any CPU
		{A4E1CC6F-5A3F-4FB7-A7FA-226B07D4DC30}.Release|Any CPU.Build.0 = Release|Any CPU
		{4F8E3FAE-3599-4075-A8EC-AA77F2969B4C}.Debug|Any CPU.ActiveCfg = Debug|Any CPU
		{4F8E3FAE-3599-4075-A8EC-AA77F2969B4C}.Debug|Any CPU.Build.0 = Debug|Any CPU
		{4F8E3FAE-3599-4075-A8EC-AA77F2969B4C}.Release|Any CPU.ActiveCfg = Release|Any CPU
		{4F8E3FAE-3599-4075-A8EC-AA77F2969B4C}.Release|Any CPU.Build.0 = Release|Any CPU
		{1E7145BD-B996-49FA-9941-0F860A0DB3C0}.Debug|Any CPU.ActiveCfg = Debug|Any CPU
		{1E7145BD-B996-49FA-9941-0F860A0DB3C0}.Debug|Any CPU.Build.0 = Debug|Any CPU
		{1E7145BD-B996-49FA-9941-0F860A0DB3C0}.Release|Any CPU.ActiveCfg = Release|Any CPU
		{1E7145BD-B996-49FA-9941-0F860A0DB3C0}.Release|Any CPU.Build.0 = Release|Any CPU
		{C7E3F7E4-638B-4711-A52E-CFF33B58C918}.Debug|Any CPU.ActiveCfg = Debug|Any CPU
		{C7E3F7E4-638B-4711-A52E-CFF33B58C918}.Debug|Any CPU.Build.0 = Debug|Any CPU
		{C7E3F7E4-638B-4711-A52E-CFF33B58C918}.Release|Any CPU.ActiveCfg = Release|Any CPU
		{C7E3F7E4-638B-4711-A52E-CFF33B58C918}.Release|Any CPU.Build.0 = Release|Any CPU
		{19B85006-219E-4D13-B323-B869D0859B4F}.Debug|Any CPU.ActiveCfg = Debug|Any CPU
		{19B85006-219E-4D13-B323-B869D0859B4F}.Debug|Any CPU.Build.0 = Debug|Any CPU
		{19B85006-219E-4D13-B323-B869D0859B4F}.Release|Any CPU.ActiveCfg = Release|Any CPU
		{19B85006-219E-4D13-B323-B869D0859B4F}.Release|Any CPU.Build.0 = Release|Any CPU
		{7CFFE13D-3E99-4262-B8BB-B991181BE4BA}.Debug|Any CPU.ActiveCfg = Debug|Any CPU
		{7CFFE13D-3E99-4262-B8BB-B991181BE4BA}.Debug|Any CPU.Build.0 = Debug|Any CPU
		{7CFFE13D-3E99-4262-B8BB-B991181BE4BA}.Release|Any CPU.ActiveCfg = Release|Any CPU
		{7CFFE13D-3E99-4262-B8BB-B991181BE4BA}.Release|Any CPU.Build.0 = Release|Any CPU
		{51116BA2-C2BC-4620-BBA8-D627F22892CD}.Debug|Any CPU.ActiveCfg = Debug|Any CPU
		{51116BA2-C2BC-4620-BBA8-D627F22892CD}.Debug|Any CPU.Build.0 = Debug|Any CPU
		{51116BA2-C2BC-4620-BBA8-D627F22892CD}.Release|Any CPU.ActiveCfg = Release|Any CPU
		{51116BA2-C2BC-4620-BBA8-D627F22892CD}.Release|Any CPU.Build.0 = Release|Any CPU
		{118785BF-0C90-4A4D-BD0D-8F46D366A245}.Debug|Any CPU.ActiveCfg = Debug|Any CPU
		{118785BF-0C90-4A4D-BD0D-8F46D366A245}.Debug|Any CPU.Build.0 = Debug|Any CPU
		{118785BF-0C90-4A4D-BD0D-8F46D366A245}.Release|Any CPU.ActiveCfg = Release|Any CPU
		{118785BF-0C90-4A4D-BD0D-8F46D366A245}.Release|Any CPU.Build.0 = Release|Any CPU
		{0FE9F404-1862-4BAE-A7B7-CC57EA4D2982}.Debug|Any CPU.ActiveCfg = Debug|Any CPU
		{0FE9F404-1862-4BAE-A7B7-CC57EA4D2982}.Debug|Any CPU.Build.0 = Debug|Any CPU
		{0FE9F404-1862-4BAE-A7B7-CC57EA4D2982}.Release|Any CPU.ActiveCfg = Release|Any CPU
		{0FE9F404-1862-4BAE-A7B7-CC57EA4D2982}.Release|Any CPU.Build.0 = Release|Any CPU
		{759F1BE0-E81E-4FD5-B96E-9F1763837878}.Debug|Any CPU.ActiveCfg = Debug|Any CPU
		{759F1BE0-E81E-4FD5-B96E-9F1763837878}.Debug|Any CPU.Build.0 = Debug|Any CPU
		{759F1BE0-E81E-4FD5-B96E-9F1763837878}.Release|Any CPU.ActiveCfg = Release|Any CPU
		{759F1BE0-E81E-4FD5-B96E-9F1763837878}.Release|Any CPU.Build.0 = Release|Any CPU
	EndGlobalSection
	GlobalSection(SolutionProperties) = preSolution
		HideSolutionNode = FALSE
	EndGlobalSection
	GlobalSection(NestedProjects) = preSolution
		{F3F828AE-A347-4E24-B799-E3B161E241EC} = {6F655D09-14F5-4CF8-9393-C1615DFED2EF}
		{C01CB6E2-9C5A-4D04-8FCE-6944376CB250} = {FCD116A6-01DA-4F4A-97DD-E1505BC69399}
		{5459EE74-365B-4470-B883-0A8CA8F8B4BC} = {FCD116A6-01DA-4F4A-97DD-E1505BC69399}
		{91F8E78E-F481-4117-A62A-1C91C4C9B30C} = {FCD116A6-01DA-4F4A-97DD-E1505BC69399}
		{B6E9B982-61D9-42E8-9C2B-D4B197D12EF1} = {FCD116A6-01DA-4F4A-97DD-E1505BC69399}
		{261AFB2F-D162-42AE-B2FF-B33138187D74} = {FCD116A6-01DA-4F4A-97DD-E1505BC69399}
		{C2950E2D-1BAE-46AD-B200-EA4E304973D4} = {FCD116A6-01DA-4F4A-97DD-E1505BC69399}
		{8F569D9A-9700-4D1F-BF0C-ED3D307D7951} = {FCD116A6-01DA-4F4A-97DD-E1505BC69399}
		{192335E6-E7FE-477F-80F6-280C4AE1EA11} = {53918406-2F76-4ACC-B9D2-5EE75628691C}
		{6130A3FA-797D-468C-996A-0EFDC1990B5D} = {53918406-2F76-4ACC-B9D2-5EE75628691C}
		{5D82234F-99C6-44CB-AB05-E8AE763B336C} = {53918406-2F76-4ACC-B9D2-5EE75628691C}
		{7791281B-566F-4E6B-ACB1-041E1310F663} = {53918406-2F76-4ACC-B9D2-5EE75628691C}
		{5FB10E84-75C4-4E69-88F0-D991DEB8D756} = {53918406-2F76-4ACC-B9D2-5EE75628691C}
		{D8E2983B-0706-4289-AB9C-FEBE1B823291} = {6F655D09-14F5-4CF8-9393-C1615DFED2EF}
		{A4E1CC6F-5A3F-4FB7-A7FA-226B07D4DC30} = {6F655D09-14F5-4CF8-9393-C1615DFED2EF}
		{4F8E3FAE-3599-4075-A8EC-AA77F2969B4C} = {6F655D09-14F5-4CF8-9393-C1615DFED2EF}
		{1E7145BD-B996-49FA-9941-0F860A0DB3C0} = {6F655D09-14F5-4CF8-9393-C1615DFED2EF}
		{C7E3F7E4-638B-4711-A52E-CFF33B58C918} = {6F655D09-14F5-4CF8-9393-C1615DFED2EF}
		{19B85006-219E-4D13-B323-B869D0859B4F} = {6F655D09-14F5-4CF8-9393-C1615DFED2EF}
		{7CFFE13D-3E99-4262-B8BB-B991181BE4BA} = {6F655D09-14F5-4CF8-9393-C1615DFED2EF}
		{51116BA2-C2BC-4620-BBA8-D627F22892CD} = {6F655D09-14F5-4CF8-9393-C1615DFED2EF}
		{118785BF-0C90-4A4D-BD0D-8F46D366A245} = {6F655D09-14F5-4CF8-9393-C1615DFED2EF}
		{0FE9F404-1862-4BAE-A7B7-CC57EA4D2982} = {6F655D09-14F5-4CF8-9393-C1615DFED2EF}
		{759F1BE0-E81E-4FD5-B96E-9F1763837878} = {53918406-2F76-4ACC-B9D2-5EE75628691C}
	EndGlobalSection
	GlobalSection(ExtensibilityGlobals) = postSolution
		SolutionGuid = {F58EE49D-10DA-4F53-B5CB-6AE4C1232A92}
	EndGlobalSection
EndGlobal
