
Microsoft Visual Studio Solution File, Format Version 12.00
# Visual Studio Version 16
VisualStudioVersion = 16.0.30406.217
MinimumVisualStudioVersion = 10.0.40219.1
Project("{FAE04EC0-301F-11D3-BF4B-00C04F79EFBC}") = "Cotizaciones", "WindowsFormsApp1\Cotizaciones.csproj", "{E4A2F552-59CC-4009-A9BD-9E5803A4B03A}"
EndProject
Global
	GlobalSection(SolutionConfigurationPlatforms) = preSolution
		Debug|Any CPU = Debug|Any CPU
		Release|Any CPU = Release|Any CPU
	EndGlobalSection
	GlobalSection(ProjectConfigurationPlatforms) = postSolution
		{E4A2F552-59CC-4009-A9BD-9E5803A4B03A}.Debug|Any CPU.ActiveCfg = Debug|Any CPU
		{E4A2F552-59CC-4009-A9BD-9E5803A4B03A}.Debug|Any CPU.Build.0 = Debug|Any CPU
		{E4A2F552-59CC-4009-A9BD-9E5803A4B03A}.Release|Any CPU.ActiveCfg = Release|Any CPU
		{E4A2F552-59CC-4009-A9BD-9E5803A4B03A}.Release|Any CPU.Build.0 = Release|Any CPU
	EndGlobalSection
	GlobalSection(SolutionProperties) = preSolution
		HideSolutionNode = FALSE
	EndGlobalSection
	GlobalSection(ExtensibilityGlobals) = postSolution
		SolutionGuid = {A48EE1F8-2673-4160-82A0-770B81682D13}
	EndGlobalSection
EndGlobal
