
Microsoft Visual Studio Solution File, Format Version 12.00
# Visual Studio Version 16
VisualStudioVersion = 16.0.30320.27
MinimumVisualStudioVersion = 10.0.40219.1
Project("{FAE04EC0-301F-11D3-BF4B-00C04F79EFBC}") = "Ordenamiento y busqueda", "Ordenamiento y busqueda\Ordenamiento y busqueda.csproj", "{D003A6BD-3314-45E8-966E-545939F27945}"
EndProject
Global
	GlobalSection(SolutionConfigurationPlatforms) = preSolution
		Debug|Any CPU = Debug|Any CPU
		Release|Any CPU = Release|Any CPU
	EndGlobalSection
	GlobalSection(ProjectConfigurationPlatforms) = postSolution
		{D003A6BD-3314-45E8-966E-545939F27945}.Debug|Any CPU.ActiveCfg = Debug|Any CPU
		{D003A6BD-3314-45E8-966E-545939F27945}.Debug|Any CPU.Build.0 = Debug|Any CPU
		{D003A6BD-3314-45E8-966E-545939F27945}.Release|Any CPU.ActiveCfg = Release|Any CPU
		{D003A6BD-3314-45E8-966E-545939F27945}.Release|Any CPU.Build.0 = Release|Any CPU
	EndGlobalSection
	GlobalSection(SolutionProperties) = preSolution
		HideSolutionNode = FALSE
	EndGlobalSection
	GlobalSection(ExtensibilityGlobals) = postSolution
		SolutionGuid = {BA386329-BFE8-4F0E-B38A-809723F65F6C}
	EndGlobalSection
EndGlobal
